
Microsoft Visual Studio Solution File, Format Version 12.00
# Visual Studio 15
VisualStudioVersion = 15.0.27130.2003
MinimumVisualStudioVersion = 10.0.40219.1
Project("{2150E333-8FDC-42A3-9474-1A3956D46DE8}") = "ConsoleUI", "ConsoleUI", "{BEE672BC-C513-4784-AD0E-61A080ADA27C}"
EndProject
Project("{2150E333-8FDC-42A3-9474-1A3956D46DE8}") = "Services", "Services", "{4CDC264F-5BEA-49A3-B3B5-0C22E5E39C12}"
EndProject
Project("{2150E333-8FDC-42A3-9474-1A3956D46DE8}") = "WebUI", "WebUI", "{6E2CE671-E24A-44AC-A603-504710376369}"
EndProject
Project("{9A19103F-16F7-4668-BE54-9A1E7A4F7556}") = "BulletinDomain", "BulletinDomain\BulletinDomain.csproj", "{D3ABD4F8-4D18-4767-9BCE-78397C26B1D5}"
EndProject
Project("{9A19103F-16F7-4668-BE54-9A1E7A4F7556}") = "BulletinDomain.Data", "BulletinDomain.Data\BulletinDomain.Data.csproj", "{251B0D2D-4803-4F7F-BFCC-DF6DBF6CCE07}"
EndProject
Project("{2150E333-8FDC-42A3-9474-1A3956D46DE8}") = "WebApiServices", "WebApiServices", "{8C8A78FD-7379-49C5-9200-CA791B5B3691}"
EndProject
Project("{9A19103F-16F7-4668-BE54-9A1E7A4F7556}") = "WebApi.Contracts", "WebApi.Contracts\WebApi.Contracts.csproj", "{24F868A2-79B2-482A-85F5-8584DF882FF7}"
EndProject
Project("{9A19103F-16F7-4668-BE54-9A1E7A4F7556}") = "WebApiService", "WebApiService\WebApiService.csproj", "{BC441D18-1FFA-402B-AEEF-33F56201A64E}"
EndProject
Project("{2150E333-8FDC-42A3-9474-1A3956D46DE8}") = "ComponentRegister", "ComponentRegister", "{69C4EF33-BAF3-4D4B-85A6-8B26BFD52E3F}"
EndProject
Project("{9A19103F-16F7-4668-BE54-9A1E7A4F7556}") = "SimpleRegister", "SimpleRegister\SimpleRegister.csproj", "{E5E8CF03-A0ED-4658-8FB1-24A7EA468271}"
EndProject
Project("{9A19103F-16F7-4668-BE54-9A1E7A4F7556}") = "AppServices", "AppServices\AppServices.csproj", "{4EA90F51-66DA-401E-92BB-EEF6326A901D}"
EndProject
Project("{9A19103F-16F7-4668-BE54-9A1E7A4F7556}") = "WebMVC", "WebMVC\WebMVC.csproj", "{37F5BA08-6AE4-450F-9A9F-CCB99F5FC103}"
	ProjectSection(ProjectDependencies) = postProject
		{251B0D2D-4803-4F7F-BFCC-DF6DBF6CCE07} = {251B0D2D-4803-4F7F-BFCC-DF6DBF6CCE07}
		{D3ABD4F8-4D18-4767-9BCE-78397C26B1D5} = {D3ABD4F8-4D18-4767-9BCE-78397C26B1D5}
	EndProjectSection
EndProject
Project("{9A19103F-16F7-4668-BE54-9A1E7A4F7556}") = "ConsoleApp", "ConsoleApp\ConsoleApp.csproj", "{38B1E7B8-F5CD-40DB-893D-C9E446FB7BE2}"
EndProject
Project("{2150E333-8FDC-42A3-9474-1A3956D46DE8}") = "DAL", "DAL", "{DADAB6E5-CBB3-4353-9C1D-9AD117827FD5}"
EndProject
Project("{2150E333-8FDC-42A3-9474-1A3956D46DE8}") = "Tests", "Tests", "{876B1D26-2CA8-42D9-AB03-60C8C18BEDA6}"
EndProject
Project("{9A19103F-16F7-4668-BE54-9A1E7A4F7556}") = "BulletinTests", "BulletinTests\BulletinTests.csproj", "{C6BC2E5B-00F8-4F97-B649-EDEC4C97EC32}"
EndProject
Project("{2150E333-8FDC-42A3-9474-1A3956D46DE8}") = "Authentication", "Authentication", "{9D8BD50C-CDC5-44CC-9A98-B71A7355009F}"
EndProject
Project("{FAE04EC0-301F-11D3-BF4B-00C04F79EFBC}") = "Authentication.AppServices", "ClassLibrary1\Authentication.AppServices.csproj", "{5C27761E-43F3-469D-881E-80B64B0C95A5}"
EndProject
Project("{FAE04EC0-301F-11D3-BF4B-00C04F79EFBC}") = "Authenticaton.Contracts", "Authenticaton.Contracts\Authenticaton.Contracts.csproj", "{57B4F1C5-F3AD-4002-97A4-343632E0A057}"
EndProject
Global
	GlobalSection(SolutionConfigurationPlatforms) = preSolution
		Debug|Any CPU = Debug|Any CPU
		Release|Any CPU = Release|Any CPU
	EndGlobalSection
	GlobalSection(ProjectConfigurationPlatforms) = postSolution
		{D3ABD4F8-4D18-4767-9BCE-78397C26B1D5}.Debug|Any CPU.ActiveCfg = Debug|Any CPU
		{D3ABD4F8-4D18-4767-9BCE-78397C26B1D5}.Debug|Any CPU.Build.0 = Debug|Any CPU
		{D3ABD4F8-4D18-4767-9BCE-78397C26B1D5}.Release|Any CPU.ActiveCfg = Release|Any CPU
		{D3ABD4F8-4D18-4767-9BCE-78397C26B1D5}.Release|Any CPU.Build.0 = Release|Any CPU
		{251B0D2D-4803-4F7F-BFCC-DF6DBF6CCE07}.Debug|Any CPU.ActiveCfg = Debug|Any CPU
		{251B0D2D-4803-4F7F-BFCC-DF6DBF6CCE07}.Debug|Any CPU.Build.0 = Debug|Any CPU
		{251B0D2D-4803-4F7F-BFCC-DF6DBF6CCE07}.Release|Any CPU.ActiveCfg = Release|Any CPU
		{251B0D2D-4803-4F7F-BFCC-DF6DBF6CCE07}.Release|Any CPU.Build.0 = Release|Any CPU
		{24F868A2-79B2-482A-85F5-8584DF882FF7}.Debug|Any CPU.ActiveCfg = Debug|Any CPU
		{24F868A2-79B2-482A-85F5-8584DF882FF7}.Debug|Any CPU.Build.0 = Debug|Any CPU
		{24F868A2-79B2-482A-85F5-8584DF882FF7}.Release|Any CPU.ActiveCfg = Release|Any CPU
		{24F868A2-79B2-482A-85F5-8584DF882FF7}.Release|Any CPU.Build.0 = Release|Any CPU
		{BC441D18-1FFA-402B-AEEF-33F56201A64E}.Debug|Any CPU.ActiveCfg = Debug|Any CPU
		{BC441D18-1FFA-402B-AEEF-33F56201A64E}.Debug|Any CPU.Build.0 = Debug|Any CPU
		{BC441D18-1FFA-402B-AEEF-33F56201A64E}.Release|Any CPU.ActiveCfg = Release|Any CPU
		{BC441D18-1FFA-402B-AEEF-33F56201A64E}.Release|Any CPU.Build.0 = Release|Any CPU
		{E5E8CF03-A0ED-4658-8FB1-24A7EA468271}.Debug|Any CPU.ActiveCfg = Debug|Any CPU
		{E5E8CF03-A0ED-4658-8FB1-24A7EA468271}.Debug|Any CPU.Build.0 = Debug|Any CPU
		{E5E8CF03-A0ED-4658-8FB1-24A7EA468271}.Release|Any CPU.ActiveCfg = Release|Any CPU
		{E5E8CF03-A0ED-4658-8FB1-24A7EA468271}.Release|Any CPU.Build.0 = Release|Any CPU
		{4EA90F51-66DA-401E-92BB-EEF6326A901D}.Debug|Any CPU.ActiveCfg = Debug|Any CPU
		{4EA90F51-66DA-401E-92BB-EEF6326A901D}.Debug|Any CPU.Build.0 = Debug|Any CPU
		{4EA90F51-66DA-401E-92BB-EEF6326A901D}.Release|Any CPU.ActiveCfg = Release|Any CPU
		{4EA90F51-66DA-401E-92BB-EEF6326A901D}.Release|Any CPU.Build.0 = Release|Any CPU
		{37F5BA08-6AE4-450F-9A9F-CCB99F5FC103}.Debug|Any CPU.ActiveCfg = Debug|Any CPU
		{37F5BA08-6AE4-450F-9A9F-CCB99F5FC103}.Debug|Any CPU.Build.0 = Debug|Any CPU
		{37F5BA08-6AE4-450F-9A9F-CCB99F5FC103}.Release|Any CPU.ActiveCfg = Release|Any CPU
		{37F5BA08-6AE4-450F-9A9F-CCB99F5FC103}.Release|Any CPU.Build.0 = Release|Any CPU
		{38B1E7B8-F5CD-40DB-893D-C9E446FB7BE2}.Debug|Any CPU.ActiveCfg = Debug|Any CPU
		{38B1E7B8-F5CD-40DB-893D-C9E446FB7BE2}.Debug|Any CPU.Build.0 = Debug|Any CPU
		{38B1E7B8-F5CD-40DB-893D-C9E446FB7BE2}.Release|Any CPU.ActiveCfg = Release|Any CPU
		{38B1E7B8-F5CD-40DB-893D-C9E446FB7BE2}.Release|Any CPU.Build.0 = Release|Any CPU
		{C6BC2E5B-00F8-4F97-B649-EDEC4C97EC32}.Debug|Any CPU.ActiveCfg = Debug|Any CPU
		{C6BC2E5B-00F8-4F97-B649-EDEC4C97EC32}.Debug|Any CPU.Build.0 = Debug|Any CPU
		{C6BC2E5B-00F8-4F97-B649-EDEC4C97EC32}.Release|Any CPU.ActiveCfg = Release|Any CPU
		{C6BC2E5B-00F8-4F97-B649-EDEC4C97EC32}.Release|Any CPU.Build.0 = Release|Any CPU
		{5C27761E-43F3-469D-881E-80B64B0C95A5}.Debug|Any CPU.ActiveCfg = Debug|Any CPU
		{5C27761E-43F3-469D-881E-80B64B0C95A5}.Debug|Any CPU.Build.0 = Debug|Any CPU
		{5C27761E-43F3-469D-881E-80B64B0C95A5}.Release|Any CPU.ActiveCfg = Release|Any CPU
		{5C27761E-43F3-469D-881E-80B64B0C95A5}.Release|Any CPU.Build.0 = Release|Any CPU
		{57B4F1C5-F3AD-4002-97A4-343632E0A057}.Debug|Any CPU.ActiveCfg = Debug|Any CPU
		{57B4F1C5-F3AD-4002-97A4-343632E0A057}.Debug|Any CPU.Build.0 = Debug|Any CPU
		{57B4F1C5-F3AD-4002-97A4-343632E0A057}.Release|Any CPU.ActiveCfg = Release|Any CPU
		{57B4F1C5-F3AD-4002-97A4-343632E0A057}.Release|Any CPU.Build.0 = Release|Any CPU
	EndGlobalSection
	GlobalSection(SolutionProperties) = preSolution
		HideSolutionNode = FALSE
	EndGlobalSection
	GlobalSection(NestedProjects) = preSolution
		{D3ABD4F8-4D18-4767-9BCE-78397C26B1D5} = {DADAB6E5-CBB3-4353-9C1D-9AD117827FD5}
		{251B0D2D-4803-4F7F-BFCC-DF6DBF6CCE07} = {DADAB6E5-CBB3-4353-9C1D-9AD117827FD5}
		{8C8A78FD-7379-49C5-9200-CA791B5B3691} = {4CDC264F-5BEA-49A3-B3B5-0C22E5E39C12}
		{24F868A2-79B2-482A-85F5-8584DF882FF7} = {8C8A78FD-7379-49C5-9200-CA791B5B3691}
		{BC441D18-1FFA-402B-AEEF-33F56201A64E} = {8C8A78FD-7379-49C5-9200-CA791B5B3691}
		{69C4EF33-BAF3-4D4B-85A6-8B26BFD52E3F} = {4CDC264F-5BEA-49A3-B3B5-0C22E5E39C12}
		{E5E8CF03-A0ED-4658-8FB1-24A7EA468271} = {69C4EF33-BAF3-4D4B-85A6-8B26BFD52E3F}
		{4EA90F51-66DA-401E-92BB-EEF6326A901D} = {4CDC264F-5BEA-49A3-B3B5-0C22E5E39C12}
		{37F5BA08-6AE4-450F-9A9F-CCB99F5FC103} = {6E2CE671-E24A-44AC-A603-504710376369}
		{38B1E7B8-F5CD-40DB-893D-C9E446FB7BE2} = {BEE672BC-C513-4784-AD0E-61A080ADA27C}
		{876B1D26-2CA8-42D9-AB03-60C8C18BEDA6} = {4CDC264F-5BEA-49A3-B3B5-0C22E5E39C12}
		{C6BC2E5B-00F8-4F97-B649-EDEC4C97EC32} = {876B1D26-2CA8-42D9-AB03-60C8C18BEDA6}
		{9D8BD50C-CDC5-44CC-9A98-B71A7355009F} = {4CDC264F-5BEA-49A3-B3B5-0C22E5E39C12}
		{5C27761E-43F3-469D-881E-80B64B0C95A5} = {9D8BD50C-CDC5-44CC-9A98-B71A7355009F}
		{57B4F1C5-F3AD-4002-97A4-343632E0A057} = {9D8BD50C-CDC5-44CC-9A98-B71A7355009F}
	EndGlobalSection
	GlobalSection(ExtensibilityGlobals) = postSolution
		SolutionGuid = {FC04976C-D948-4DA2-98A5-81B8C0C326CB}
	EndGlobalSection
EndGlobal
